PODS:
  - Kingfisher (4.10.0)
  - Siesta (1.4.2):
    - Siesta/Core (= 1.4.2)
  - Siesta/Core (1.4.2)
  - Siesta/UI (1.4.2):
    - Siesta/Core
  - SnapKit (4.0.1)

DEPENDENCIES:
  - Kingfisher (~> 4.0)
  - Siesta (~> 1.0)
  - Siesta/UI (~> 1.0)
  - SnapKit (~> 4.0.0)

SPEC REPOS:
  https://github.com/cocoapods/specs.git:
    - Kingfisher
    - Siesta
    - SnapKit

SPEC CHECKSUMS:
  Kingfisher: 43c4b802d8b5256cf1f4379e9cd10b329be6d3e2
  Siesta: 337a9c39c9b78bba904286310c86562a886efdab
  SnapKit: 0de968a9fec17499afa29683b05d0c775b6d1c29

PODFILE CHECKSUM: 488d90803fe45a01a1f30d3335223f9955eed858

COCOAPODS: 1.5.3
